<?xml version="1.0" encoding="UTF-8" standalone="yes" ?>
<CodeBlocks_project_file>
	<FileVersion major="1" minor="6" />
	<Project>
		<Option title="CPP" />
		<Option pch_mode="2" />
		<Option compiler="gcc" />
		<Build>
			<Target title="Debug">
				<Option output="bin/Debug/CPP" prefix_auto="1" extension_auto="1" />
				<Option object_output="obj/Debug/" />
				<Option type="1" />
				<Option compiler="gcc" />
				<Compiler>
					<Add option="-g" />
				</Compiler>
			</Target>
			<Target title="Release">
				<Option output="bin/Release/CPP" prefix_auto="1" extension_auto="1" />
				<Option object_output="obj/Release/" />
				<Option type="1" />
				<Option compiler="gcc" />
				<Compiler>
					<Add option="-O2" />
				</Compiler>
				<Linker>
					<Add option="-s" />
				</Linker>
			</Target>
		</Build>
		<Compiler>
			<Add option="-Wall" />
			<Add option="-fexceptions" />
		</Compiler>
		<Unit filename="BrainStorming_Core/precedence_issue.cpp">
			<Option compile="0" />
			<Option link="0" />
		</Unit>
		<Unit filename="Bugs_RunTime/Invalid_Memory_Access.cpp">
			<Option compile="0" />
			<Option link="0" />
		</Unit>
		<Unit filename="Class_n_Objects/Pointer_to_Object_MemoryLeak.cpp">
			<Option compile="0" />
			<Option link="0" />
		</Unit>
		<Unit filename="IIT_Code/11.01_02_Complex Numbers.cpp">
			<Option compile="0" />
			<Option link="0" />
		</Unit>
		<Unit filename="IIT_Code/11.x_AreaOfRectangle.cpp">
			<Option compile="0" />
			<Option link="0" />
		</Unit>
		<Unit filename="IIT_Code/12.3_Stack_Public_Access.cpp">
			<Option compile="0" />
			<Option link="0" />
		</Unit>
		<Unit filename="IIT_Code/12.5_Stack_Private_Access.cpp">
			<Option compile="0" />
			<Option link="0" />
		</Unit>
		<Unit filename="IIT_Code/13.16_Complex_ArrayOfObjects.cpp">
			<Option compile="0" />
			<Option link="0" />
			<Option target="&lt;{~None~}&gt;" />
		</Unit>
		<Unit filename="IIT_Code/14.11_Rect_TraceObject.cpp">
			<Option compile="0" />
			<Option link="0" />
			<Option target="&lt;{~None~}&gt;" />
		</Unit>
		<Unit filename="IIT_Code/14.1_OrderOfInitilization.cpp">
			<Option compile="0" />
			<Option link="0" />
			<Option target="&lt;{~None~}&gt;" />
		</Unit>
		<Unit filename="IIT_Code/14.4_SimpleStringClass.cpp">
			<Option compile="0" />
			<Option link="0" />
			<Option target="&lt;{~None~}&gt;" />
		</Unit>
		<Unit filename="IIT_Code/14.6_SimpleDateClass.cpp">
			<Option compile="0" />
			<Option link="0" />
			<Option target="&lt;{~None~}&gt;" />
		</Unit>
		<Unit filename="IIT_Code/14.7_LifetimeEmbeddedObjects.cpp">
			<Option compile="0" />
			<Option link="0" />
			<Option target="&lt;{~None~}&gt;" />
		</Unit>
		<Unit filename="IIT_Code/14.9_CopyCtor.cpp">
			<Option compile="0" />
			<Option link="0" />
			<Option target="&lt;{~None~}&gt;" />
		</Unit>
		<Unit filename="Polymorphism/polymorphism_Practice.cpp">
			<Option compile="0" />
			<Option link="0" />
		</Unit>
		<Unit filename="Projects/HostelAccommodation/main.cpp">
			<Option compile="0" />
			<Option link="0" />
		</Unit>
		<Unit filename="Projects/Protocol/Parser.cpp" />
		<Unit filename="Projects/Protocol/parser.h">
			<Option compile="1" />
			<Option link="1" />
		</Unit>
		<Unit filename="Projects/Protocol/parser_app.cpp" />
		<Unit filename="Stack/Stack.cpp">
			<Option compile="0" />
			<Option link="0" />
		</Unit>
		<Unit filename="test.cpp">
			<Option compile="0" />
			<Option link="0" />
		</Unit>
		<Unit filename="test.h">
			<Option target="&lt;{~None~}&gt;" />
		</Unit>
		<Extensions>
			<lib_finder disable_auto="1" />
		</Extensions>
	</Project>
</CodeBlocks_project_file>
